
Microsoft Visual Studio Solution File, Format Version 12.00
Project("{FAE04EC0-301F-11D3-BF4B-00C04F79EFBC}") = "FastestBinaryStream", "FastestBinaryStream/FastestBinaryStream.csproj", "{A79E152E-51C7-41BF-B192-C8EFD5C660C8}"
EndProject
Global
	GlobalSection(SolutionConfigurationPlatforms) = preSolution
		Debug|Any CPU = Debug|Any CPU
		Release|Any CPU = Release|Any CPU
	EndGlobalSection
	GlobalSection(ProjectConfigurationPlatforms) = postSolution
		{A79E152E-51C7-41BF-B192-C8EFD5C660C8}.Debug|Any CPU.ActiveCfg = Debug|Any CPU
		{A79E152E-51C7-41BF-B192-C8EFD5C660C8}.Debug|Any CPU.Build.0 = Debug|Any CPU
		{A79E152E-51C7-41BF-B192-C8EFD5C660C8}.Release|Any CPU.ActiveCfg = Release|Any CPU
		{A79E152E-51C7-41BF-B192-C8EFD5C660C8}.Release|Any CPU.Build.0 = Release|Any CPU
	EndGlobalSection
EndGlobal
